
Microsoft Visual Studio Solution File, Format Version 12.00
# Visual Studio Version 16
VisualStudioVersion = 16.0.30114.105
MinimumVisualStudioVersion = 10.0.40219.1
Project("{FAE04EC0-301F-11D3-BF4B-00C04F79EFBC}") = "RedeHotel.Lib", "RedeHotel.Lib\RedeHotel.Lib.csproj", "{760C2860-64EF-415B-9B7F-7A0CC2E401F6}"
EndProject
Project("{FAE04EC0-301F-11D3-BF4B-00C04F79EFBC}") = "RedeHotel", "RedeHotel.TesteUnitario\RedeHotel.csproj", "{4A07063E-2111-4738-9FFF-98CEDCA52B3A}"
EndProject
Project("{FAE04EC0-301F-11D3-BF4B-00C04F79EFBC}") = "RedeHotel.Web", "RedeHotel.Web\RedeHotel.Web.csproj", "{3272CBC8-2311-4BD7-9DC7-BF89011D9020}"
EndProject
Global
	GlobalSection(SolutionConfigurationPlatforms) = preSolution
		Debug|Any CPU = Debug|Any CPU
		Release|Any CPU = Release|Any CPU
	EndGlobalSection
	GlobalSection(SolutionProperties) = preSolution
		HideSolutionNode = FALSE
	EndGlobalSection
	GlobalSection(ProjectConfigurationPlatforms) = postSolution
		{760C2860-64EF-415B-9B7F-7A0CC2E401F6}.Debug|Any CPU.ActiveCfg = Debug|Any CPU
		{760C2860-64EF-415B-9B7F-7A0CC2E401F6}.Debug|Any CPU.Build.0 = Debug|Any CPU
		{760C2860-64EF-415B-9B7F-7A0CC2E401F6}.Release|Any CPU.ActiveCfg = Release|Any CPU
		{760C2860-64EF-415B-9B7F-7A0CC2E401F6}.Release|Any CPU.Build.0 = Release|Any CPU
		{4A07063E-2111-4738-9FFF-98CEDCA52B3A}.Debug|Any CPU.ActiveCfg = Debug|Any CPU
		{4A07063E-2111-4738-9FFF-98CEDCA52B3A}.Debug|Any CPU.Build.0 = Debug|Any CPU
		{4A07063E-2111-4738-9FFF-98CEDCA52B3A}.Release|Any CPU.ActiveCfg = Release|Any CPU
		{4A07063E-2111-4738-9FFF-98CEDCA52B3A}.Release|Any CPU.Build.0 = Release|Any CPU
		{3272CBC8-2311-4BD7-9DC7-BF89011D9020}.Debug|Any CPU.ActiveCfg = Debug|Any CPU
		{3272CBC8-2311-4BD7-9DC7-BF89011D9020}.Debug|Any CPU.Build.0 = Debug|Any CPU
		{3272CBC8-2311-4BD7-9DC7-BF89011D9020}.Release|Any CPU.ActiveCfg = Release|Any CPU
		{3272CBC8-2311-4BD7-9DC7-BF89011D9020}.Release|Any CPU.Build.0 = Release|Any CPU
	EndGlobalSection
EndGlobal
